<?xml version="1.0" encoding="utf-8"?>
<Project ToolsVersion="4.0" xmlns="http://schemas.microsoft.com/developer/msbuild/2003">
  <ItemGroup>
    <Filter Include="win32">
      <UniqueIdentifier>{84a8ebd7-7cf0-47f6-b75e-d441df67da40}</UniqueIdentifier>
    </Filter>
    <Filter Include="resource">
      <UniqueIdentifier>{715254bc-d70b-4ec5-bf29-467dd3ace079}</UniqueIdentifier>
    </Filter>
    <Filter Include="src">
      <UniqueIdentifier>{bb6c862e-70e9-49d9-81b7-3829a6f50471}</UniqueIdentifier>
    </Filter>
    <Filter Include="_debug">
      <UniqueIdentifier>{89202e38-2b33-4399-998a-53ec527f6ba2}</UniqueIdentifier>
    </Filter>
    <Filter Include="unit">
      <UniqueIdentifier>{72e4c630-46d1-47e5-86c9-cd0a20085416}</UniqueIdentifier>
    </Filter>
    <Filter Include="input">
      <UniqueIdentifier>{975ef3a2-4136-4306-9fe6-f045c3273f0b}</UniqueIdentifier>
    </Filter>
    <Filter Include="action">
      <UniqueIdentifier>{412cd4b9-44f3-4ad9-b63d-dd95b5e8e1ce}</UniqueIdentifier>
    </Filter>
    <Filter Include="check">
      <UniqueIdentifier>{d3e18261-5cfd-4a5a-85b8-235d75dc93e9}</UniqueIdentifier>
    </Filter>
  </ItemGroup>
  <ItemGroup>
    <ClCompile Include="main.cpp">
      <Filter>win32</Filter>
    </ClCompile>
    <ClCompile Include="..\Classes\AppDelegate.cpp">
      <Filter>src</Filter>
    </ClCompile>
    <ClCompile Include="..\Classes\AnimationMng.cpp" />
    <ClCompile Include="..\Classes\GameScene.cpp">
      <Filter>src</Filter>
    </ClCompile>
    <ClCompile Include="..\Classes\_DebugConOut.cpp">
      <Filter>_debug</Filter>
    </ClCompile>
    <ClCompile Include="..\Classes\DIR.cpp" />
    <ClCompile Include="..\Classes\CreateAnim.cpp" />
    <ClCompile Include="..\Classes\unit\Enemy.cpp">
      <Filter>unit</Filter>
    </ClCompile>
    <ClCompile Include="..\Classes\unit\Player.cpp">
      <Filter>unit</Filter>
    </ClCompile>
    <ClCompile Include="..\Classes\input\OPRT_key.cpp">
      <Filter>input</Filter>
    </ClCompile>
    <ClCompile Include="..\Classes\input\OPRT_touch.cpp">
      <Filter>input</Filter>
    </ClCompile>
    <ClCompile Include="..\Classes\action\ActionCtrl.cpp">
      <Filter>action</Filter>
    </ClCompile>
    <ClCompile Include="..\Classes\action\moveLR.cpp">
      <Filter>action</Filter>
    </ClCompile>
    <ClCompile Include="..\Classes\action\SetDir.cpp">
      <Filter>action</Filter>
    </ClCompile>
    <ClCompile Include="..\Classes\input\OPRT_state.cpp" />
    <ClCompile Include="..\Classes\action\Jump.cpp">
      <Filter>action</Filter>
    </ClCompile>
    <ClCompile Include="..\Classes\action\Fall.cpp">
      <Filter>action</Filter>
    </ClCompile>
    <ClCompile Include="..\Classes\check\CheckCollided.cpp">
      <Filter>check</Filter>
    </ClCompile>
    <ClCompile Include="..\Classes\check\CheckKey.cpp">
      <Filter>check</Filter>
    </ClCompile>
    <ClCompile Include="..\Classes\check\CheckList.cpp">
      <Filter>check</Filter>
    </ClCompile>
  </ItemGroup>
  <ItemGroup>
    <ClInclude Include="main.h">
      <Filter>win32</Filter>
    </ClInclude>
    <ClInclude Include="..\Classes\AppDelegate.h">
      <Filter>src</Filter>
    </ClInclude>
    <ClInclude Include="..\Classes\AnimationMng.h" />
    <ClInclude Include="..\Classes\GameScene.h">
      <Filter>src</Filter>
    </ClInclude>
    <ClInclude Include="..\Classes\_DebugConOut.h">
      <Filter>_debug</Filter>
    </ClInclude>
    <ClInclude Include="..\Classes\DIR.h" />
    <ClInclude Include="..\Classes\CreateAnim.h" />
    <ClInclude Include="..\Classes\unit\Enemy.h">
      <Filter>unit</Filter>
    </ClInclude>
    <ClInclude Include="..\Classes\unit\Player.h">
      <Filter>unit</Filter>
    </ClInclude>
    <ClInclude Include="..\Classes\input\OPRT_key.h">
      <Filter>input</Filter>
    </ClInclude>
    <ClInclude Include="..\Classes\input\OPRT_state.h">
      <Filter>input</Filter>
    </ClInclude>
    <ClInclude Include="..\Classes\input\OPRT_touch.h">
      <Filter>input</Filter>
    </ClInclude>
    <ClInclude Include="..\Classes\action\ActionCtrl.h">
      <Filter>action</Filter>
    </ClInclude>
    <ClInclude Include="..\Classes\action\moveLR.h">
      <Filter>action</Filter>
    </ClInclude>
    <ClInclude Include="..\Classes\action\SetDir.h">
      <Filter>action</Filter>
    </ClInclude>
    <ClInclude Include="..\Classes\action\Jump.h">
      <Filter>action</Filter>
    </ClInclude>
    <ClInclude Include="..\Classes\action\Fall.h">
      <Filter>action</Filter>
    </ClInclude>
    <ClInclude Include="..\Classes\check\CheckCollided.h">
      <Filter>check</Filter>
    </ClInclude>
    <ClInclude Include="..\Classes\check\CheckKey.h">
      <Filter>check</Filter>
    </ClInclude>
    <ClInclude Include="..\Classes\check\CheckList.h">
      <Filter>check</Filter>
    </ClInclude>
  </ItemGroup>
  <ItemGroup>
    <ResourceCompile Include="game.rc">
      <Filter>resource</Filter>
    </ResourceCompile>
  </ItemGroup>
</Project>